// !$*UTF8*$!
{
	archiveVersion = 1;
	classes = {
	};
	objectVersion = 48;
	objects = {

/* Begin PBXBuildFile section */
		232E188F20188E3000599F57 /* AppDelegate.swift in Sources */ = {isa = PBXBuildFile; fileRef = 232E188E20188E3000599F57 /* AppDelegate.swift */; };
		232E189120188E3000599F57 /* ViewController.swift in Sources */ = {isa = PBXBuildFile; fileRef = 232E189020188E3000599F57 /* ViewController.swift */; };
		232E189420188E3000599F57 /* Main.storyboard in Resources */ = {isa = PBXBuildFile; fileRef = 232E189220188E3000599F57 /* Main.storyboard */; };
		232E189620188E3000599F57 /* Assets.xcassets in Resources */ = {isa = PBXBuildFile; fileRef = 232E189520188E3000599F57 /* Assets.xcassets */; };
		232E189920188E3000599F57 /* LaunchScreen.storyboard in Resources */ = {isa = PBXBuildFile; fileRef = 232E189720188E3000599F57 /* LaunchScreen.storyboard */; };
		BE4020EC9510B309EAA41D74 /* Pods_TrialProject.framework in Frameworks */ = {isa = PBXBuildFile; fileRef = 1B0D3240A3E0D77609455D9C /* Pods_TrialProject.framework */; };
/* End PBXBuildFile section */

/* Begin PBXFileReference section */
		063A11417C0C4607406F478D /* Pods-TrialProject.release.xcconfig */ = {isa = PBXFileReference; includeInIndex = 1; lastKnownFileType = text.xcconfig; name = "Pods-TrialProject.release.xcconfig"; path = "Pods/Target Support Files/Pods-TrialProject/Pods-TrialProject.release.xcconfig"; sourceTree = "<group>"; };
		1B0D3240A3E0D77609455D9C /* Pods_TrialProject.framework */ = {isa = PBXFileReference; explicitFileType = wrapper.framework; includeInIndex = 0; path = Pods_TrialProject.framework; sourceTree = BUILT_PRODUCTS_DIR; };
		232E188B20188E3000599F57 /* TrialProject.app */ = {isa = PBXFileReference; explicitFileType = wrapper.application; includeInIndex = 0; path = TrialProject.app; sourceTree = BUILT_PRODUCTS_DIR; };
		232E188E20188E3000599F57 /* AppDelegate.swift */ = {isa = PBXFileReference; lastKnownFileType = sourcecode.swift; path = AppDelegate.swift; sourceTree = "<group>"; };
		232E189020188E3000599F57 /* ViewController.swift */ = {isa = PBXFileReference; lastKnownFileType = sourcecode.swift; path = ViewController.swift; sourceTree = "<group>"; };
		232E189320188E3000599F57 /* Base */ = {isa = PBXFileReference; lastKnownFileType = file.storyboard; name = Base; path = Base.lproj/Main.storyboard; sourceTree = "<group>"; };
		232E189520188E3000599F57 /* Assets.xcassets */ = {isa = PBXFileReference; lastKnownFileType = folder.assetcatalog; path = Assets.xcassets; sourceTree = "<group>"; };
		232E189820188E3000599F57 /* Base */ = {isa = PBXFileReference; lastKnownFileType = file.storyboard; name = Base; path = Base.lproj/LaunchScreen.storyboard; sourceTree = "<group>"; };
		232E189A20188E3000599F57 /* Info.plist */ = {isa = PBXFileReference; lastKnownFileType = text.plist.xml; path = Info.plist; sourceTree = "<group>"; };
		CA86537A2A23FD5E3E54A68F /* Pods-TrialProject.debug.xcconfig */ = {isa = PBXFileReference; includeInIndex = 1; lastKnownFileType = text.xcconfig; name = "Pods-TrialProject.debug.xcconfig"; path = "Pods/Target Support Files/Pods-TrialProject/Pods-TrialProject.debug.xcconfig"; sourceTree = "<group>"; };
/* End PBXFileReference section */

/* Begin PBXFrameworksBuildPhase section */
		232E188820188E3000599F57 /* Frameworks */ = {
			isa = PBXFrameworksBuildPhase;
			buildActionMask = 2147483647;
			files = (
				BE4020EC9510B309EAA41D74 /* Pods_TrialProject.framework in Frameworks */,
			);
			runOnlyForDeploymentPostprocessing = 0;
		};
/* End PBXFrameworksBuildPhase section */

/* Begin PBXGroup section */
		232E188220188E3000599F57 = {
			isa = PBXGroup;
			children = (
				232E188D20188E3000599F57 /* TrialProject */,
				232E188C20188E3000599F57 /* Products */,
				B2852EC8A5141850DA7D25CF /* Pods */,
				5A87482F53B7B2EB586960FB /* Frameworks */,
			);
			sourceTree = "<group>";
		};
		232E188C20188E3000599F57 /* Products */ = {
			isa = PBXGroup;
			children = (
				232E188B20188E3000599F57 /* TrialProject.app */,
			);
			name = Products;
			sourceTree = "<group>";
		};
		232E188D20188E3000599F57 /* TrialProject */ = {
			isa = PBXGroup;
			children = (
				232E188E20188E3000599F57 /* AppDelegate.swift */,
				232E189020188E3000599F57 /* ViewController.swift */,
				232E189220188E3000599F57 /* Main.storyboard */,
				232E189520188E3000599F57 /* Assets.xcassets */,
				232E189720188E3000599F57 /* LaunchScreen.storyboard */,
				232E189A20188E3000599F57 /* Info.plist */,
			);
			path = TrialProject;
			sourceTree = "<group>";
		};
		5A87482F53B7B2EB586960FB /* Frameworks */ = {
			isa = PBXGroup;
			children = (
				1B0D3240A3E0D77609455D9C /* Pods_TrialProject.framework */,
			);
			name = Frameworks;
			sourceTree = "<group>";
		};
		B2852EC8A5141850DA7D25CF /* Pods */ = {
			isa = PBXGroup;
			children = (
				CA86537A2A23FD5E3E54A68F /* Pods-TrialProject.debug.xcconfig */,
				063A11417C0C4607406F478D /* Pods-TrialProject.release.xcconfig */,
			);
			name = Pods;
			sourceTree = "<group>";
		};
/* End PBXGroup section */

/* Begin PBXNativeTarget section */
		232E188A20188E3000599F57 /* TrialProject */ = {
			isa = PBXNativeTarget;
			buildConfigurationList = 232E189D20188E3000599F57 /* Build configuration list for PBXNativeTarget "TrialProject" */;
			buildPhases = (
				87CE3F4549810B3542743B57 /* [CP] Check Pods Manifest.lock */,
				232E188720188E3000599F57 /* Sources */,
				232E188820188E3000599F57 /* Frameworks */,
				232E188920188E3000599F57 /* Resources */,
				E4F7B62E7B3FBC3F5E2DE583 /* [CP] Embed Pods Frameworks */,
				CA1E7AC2579AD2A23BAE4869 /* [CP] Copy Pods Resources */,
			);
			buildRules = (
			);
			dependencies = (
			);
			name = TrialProject;
			productName = TrialProject;
			productReference = 232E188B20188E3000599F57 /* TrialProject.app */;
			productType = "com.apple.product-type.application";
		};
/* End PBXNativeTarget section */

/* Begin PBXProject section */
		232E188320188E3000599F57 /* Project object */ = {
			isa = PBXProject;
			attributes = {
				LastSwiftUpdateCheck = 0910;
				LastUpgradeCheck = 0910;
				ORGANIZATIONNAME = DB;
				TargetAttributes = {
					232E188A20188E3000599F57 = {
						CreatedOnToolsVersion = 9.1;
						ProvisioningStyle = Automatic;
					};
				};
			};
			buildConfigurationList = 232E188620188E3000599F57 /* Build configuration list for PBXProject "TrialProject" */;
			compatibilityVersion = "Xcode 8.0";
			developmentRegion = en;
			hasScannedForEncodings = 0;
			knownRegions = (
				en,
				Base,
			);
			mainGroup = 232E188220188E3000599F57;
			productRefGroup = 232E188C20188E3000599F57 /* Products */;
			projectDirPath = "";
			projectRoot = "";
			targets = (
				232E188A20188E3000599F57 /* TrialProject */,
			);
		};
/* End PBXProject section */

/* Begin PBXResourcesBuildPhase section */
		232E188920188E3000599F57 /* Resources */ = {
			isa = PBXResourcesBuildPhase;
			buildActionMask = 2147483647;
			files = (
				232E189920188E3000599F57 /* LaunchScreen.storyboard in Resources */,
				232E189620188E3000599F57 /* Assets.xcassets in Resources */,
				232E189420188E3000599F57 /* Main.storyboard in Resources */,
			);
			runOnlyForDeploymentPostprocessing = 0;
		};
/* End PBXResourcesBuildPhase section */

/* Begin PBXShellScriptBuildPhase section */
		87CE3F4549810B3542743B57 /* [CP] Check Pods Manifest.lock */ = {
			isa = PBXShellScriptBuildPhase;
			buildActionMask = 2147483647;
			files = (
			);
			inputPaths = (
				"${PODS_PODFILE_DIR_PATH}/Podfile.lock",
				"${PODS_ROOT}/Manifest.lock",
			);
			name = "[CP] Check Pods Manifest.lock";
			outputPaths = (
				"$(DERIVED_FILE_DIR)/Pods-TrialProject-checkManifestLockResult.txt",
			);
			runOnlyForDeploymentPostprocessing = 0;
			shellPath = /bin/sh;
			shellScript = "diff \"${PODS_PODFILE_DIR_PATH}/Podfile.lock\" \"${PODS_ROOT}/Manifest.lock\" > /dev/null\nif [ $? != 0 ] ; then\n    # print error to STDERR\n    echo \"error: The sandbox is not in sync with the Podfile.lock. Run 'pod install' or update your CocoaPods installation.\" >&2\n    exit 1\nfi\n# This output is used by Xcode 'outputs' to avoid re-running this script phase.\necho \"SUCCESS\" > \"${SCRIPT_OUTPUT_FILE_0}\"\n";
			showEnvVarsInLog = 0;
		};
		CA1E7AC2579AD2A23BAE4869 /* [CP] Copy Pods Resources */ = {
			isa = PBXShellScriptBuildPhase;
			buildActionMask = 2147483647;
			files = (
			);
			inputPaths = (
			);
			name = "[CP] Copy Pods Resources";
			outputPaths = (
			);
			runOnlyForDeploymentPostprocessing = 0;
			shellPath = /bin/sh;
			shellScript = "\"${SRCROOT}/Pods/Target Support Files/Pods-TrialProject/Pods-TrialProject-resources.sh\"\n";
			showEnvVarsInLog = 0;
		};
		E4F7B62E7B3FBC3F5E2DE583 /* [CP] Embed Pods Frameworks */ = {
			isa = PBXShellScriptBuildPhase;
			buildActionMask = 2147483647;
			files = (
			);
			inputPaths = (
				"${SRCROOT}/Pods/Target Support Files/Pods-TrialProject/Pods-TrialProject-frameworks.sh",
				"${BUILT_PRODUCTS_DIR}/TrialFramework/TrialFramework.framework",
			);
			name = "[CP] Embed Pods Frameworks";
			outputPaths = (
				"${TARGET_BUILD_DIR}/${FRAMEWORKS_FOLDER_PATH}/TrialFramework.framework",
			);
			runOnlyForDeploymentPostprocessing = 0;
			shellPath = /bin/sh;
			shellScript = "\"${SRCROOT}/Pods/Target Support Files/Pods-TrialProject/Pods-TrialProject-frameworks.sh\"\n";
			showEnvVarsInLog = 0;
		};
/* End PBXShellScriptBuildPhase section */

/* Begin PBXSourcesBuildPhase section */
		232E188720188E3000599F57 /* Sources */ = {
			isa = PBXSourcesBuildPhase;
			buildActionMask = 2147483647;
			files = (
				232E189120188E3000599F57 /* ViewController.swift in Sources */,
				232E188F20188E3000599F57 /* AppDelegate.swift in Sources */,
			);
			runOnlyForDeploymentPostprocessing = 0;
		};
/* End PBXSourcesBuildPhase section */

/* Begin PBXVariantGroup section */
		232E189220188E3000599F57 /* Main.storyboard */ = {
			isa = PBXVariantGroup;
			children = (
				232E189320188E3000599F57 /* Base */,
			);
			name = Main.storyboard;
			sourceTree = "<group>";
		};
		232E189720188E3000599F57 /* LaunchScreen.storyboard */ = {
			isa = PBXVariantGroup;
			children = (
				232E189820188E3000599F57 /* Base */,
			);
			name = LaunchScreen.storyboard;
			sourceTree = "<group>";
		};
/* End PBXVariantGroup section */

/* Begin XCBuildConfiguration section */
		232E189B20188E3000599F57 /* Debug */ = {
			isa = XCBuildConfiguration;
			buildSettings = {
				ALWAYS_SEARCH_USER_PATHS = NO;
				CLANG_ANALYZER_NONNULL = YES;
				CLANG_ANALYZER_NUMBER_OBJECT_CONVERSION = YES_AGGRESSIVE;
				CLANG_CXX_LANGUAGE_STANDARD = "gnu++14";
				CLANG_CXX_LIBRARY = "libc++";
				CLANG_ENABLE_MODULES = YES;
				CLANG_ENABLE_OBJC_ARC = YES;
				CLANG_WARN_BLOCK_CAPTURE_AUTORELEASING = YES;
				CLANG_WARN_BOOL_CONVERSION = YES;
				CLANG_WARN_COMMA = YES;
				CLANG_WARN_CONSTANT_CONVERSION = YES;
				CLANG_WARN_DIRECT_OBJC_ISA_USAGE = YES_ERROR;
				CLANG_WARN_DOCUMENTATION_COMMENTS = YES;
				CLANG_WARN_EMPTY_BODY = YES;
				CLANG_WARN_ENUM_CONVERSION = YES;
				CLANG_WARN_INFINITE_RECURSION = YES;
				CLANG_WARN_INT_CONVERSION = YES;
				CLANG_WARN_NON_LITERAL_NULL_CONVERSION = YES;
				CLANG_WARN_OBJC_LITERAL_CONVERSION = YES;
				CLANG_WARN_OBJC_ROOT_CLASS = YES_ERROR;
				CLANG_WARN_RANGE_LOOP_ANALYSIS = YES;
				CLANG_WARN_STRICT_PROTOTYPES = YES;
				CLANG_WARN_SUSPICIOUS_MOVE = YES;
				CLANG_WARN_UNGUARDED_AVAILABILITY = YES_AGGRESSIVE;
				CLANG_WARN_UNREACHABLE_CODE = YES;
				CLANG_WARN__DUPLICATE_METHOD_MATCH = YES;
				CODE_SIGN_IDENTITY = "iPhone Developer";
				COPY_PHASE_STRIP = NO;
				DEBUG_INFORMATION_FORMAT = dwarf;
				ENABLE_STRICT_OBJC_MSGSEND = YES;
				ENABLE_TESTABILITY = YES;
				GCC_C_LANGUAGE_STANDARD = gnu11;
				GCC_DYNAMIC_NO_PIC = NO;
				GCC_NO_COMMON_BLOCKS = YES;
				GCC_OPTIMIZATION_LEVEL = 0;
				GCC_PREPROCESSOR_DEFINITIONS = (
					"DEBUG=1",
					"$(inherited)",
				);
				GCC_WARN_64_TO_32_BIT_CONVERSION = YES;
				GCC_WARN_ABOUT_RETURN_TYPE = YES_ERROR;
				GCC_WARN_UNDECLARED_SELECTOR = YES;
				GCC_WARN_UNINITIALIZED_AUTOS = YES_AGGRESSIVE;
				GCC_WARN_UNUSED_FUNCTION = YES;
				GCC_WARN_UNUSED_VARIABLE = YES;
				IPHONEOS_DEPLOYMENT_TARGET = 11.1;
				MTL_ENABLE_DEBUG_INFO = YES;
				ONLY_ACTIVE_ARCH = YES;
				SDKROOT = iphoneos;
				SWIFT_ACTIVE_COMPILATION_CONDITIONS = DEBUG;
				SWIFT_OPTIMIZATION_LEVEL = "-Onone";
			};
			name = Debug;
		};
		232E189C20188E3000599F57 /* Release */ = {
			isa = XCBuildConfiguration;
			buildSettings = {
				ALWAYS_SEARCH_USER_PATHS = NO;
				CLANG_ANALYZER_NONNULL = YES;
				CLANG_ANALYZER_NUMBER_OBJECT_CONVERSION = YES_AGGRESSIVE;
				CLANG_CXX_LANGUAGE_STANDARD = "gnu++14";
				CLANG_CXX_LIBRARY = "libc++";
				CLANG_ENABLE_MODULES = YES;
				CLANG_ENABLE_OBJC_ARC = YES;
				CLANG_WARN_BLOCK_CAPTURE_AUTORELEASING = YES;
				CLANG_WARN_BOOL_CONVERSION = YES;
				CLANG_WARN_COMMA = YES;
				CLANG_WARN_CONSTANT_CONVERSION = YES;
				CLANG_WARN_DIRECT_OBJC_ISA_USAGE = YES_ERROR;
				CLANG_WARN_DOCUMENTATION_COMMENTS = YES;
				CLANG_WARN_EMPTY_BODY = YES;
				CLANG_WARN_ENUM_CONVERSION = YES;
				CLANG_WARN_INFINITE_RECURSION = YES;
				CLANG_WARN_INT_CONVERSION = YES;
				CLANG_WARN_NON_LITERAL_NULL_CONVERSION = YES;
				CLANG_WARN_OBJC_LITERAL_CONVERSION = YES;
				CLANG_WARN_OBJC_ROOT_CLASS = YES_ERROR;
				CLANG_WARN_RANGE_LOOP_ANALYSIS = YES;
				CLANG_WARN_STRICT_PROTOTYPES = YES;
				CLANG_WARN_SUSPICIOUS_MOVE = YES;
				CLANG_WARN_UNGUARDED_AVAILABILITY = YES_AGGRESSIVE;
				CLANG_WARN_UNREACHABLE_CODE = YES;
				CLANG_WARN__DUPLICATE_METHOD_MATCH = YES;
				CODE_SIGN_IDENTITY = "iPhone Developer";
				COPY_PHASE_STRIP = NO;
				DEBUG_INFORMATION_FORMAT = "dwarf-with-dsym";
				ENABLE_NS_ASSERTIONS = NO;
				ENABLE_STRICT_OBJC_MSGSEND = YES;
				GCC_C_LANGUAGE_STANDARD = gnu11;
				GCC_NO_COMMON_BLOCKS = YES;
				GCC_WARN_64_TO_32_BIT_CONVERSION = YES;
				GCC_WARN_ABOUT_RETURN_TYPE = YES_ERROR;
				GCC_WARN_UNDECLARED_SELECTOR = YES;
				GCC_WARN_UNINITIALIZED_AUTOS = YES_AGGRESSIVE;
				GCC_WARN_UNUSED_FUNCTION = YES;
				GCC_WARN_UNUSED_VARIABLE = YES;
				IPHONEOS_DEPLOYMENT_TARGET = 11.1;
				MTL_ENABLE_DEBUG_INFO = NO;
				SDKROOT = iphoneos;
				SWIFT_OPTIMIZATION_LEVEL = "-Owholemodule";
				VALIDATE_PRODUCT = YES;
			};
			name = Release;
		};
		232E189E20188E3000599F57 /* Debug */ = {
			isa = XCBuildConfiguration;
			baseConfigurationReference = CA86537A2A23FD5E3E54A68F /* Pods-TrialProject.debug.xcconfig */;
			buildSettings = {
				ASSETCATALOG_COMPILER_APPICON_NAME = AppIcon;
				CODE_SIGN_STYLE = Automatic;
				INFOPLIST_FILE = TrialProject/Info.plist;
				LD_RUNPATH_SEARCH_PATHS = "$(inherited) @executable_path/Frameworks";
				PRODUCT_BUNDLE_IDENTIFIER = App.TrialProject;
				PRODUCT_NAME = "$(TARGET_NAME)";
				SWIFT_VERSION = 4.0;
				TARGETED_DEVICE_FAMILY = "1,2";
			};
			name = Debug;
		};
		232E189F20188E3000599F57 /* Release */ = {
			isa = XCBuildConfiguration;
			baseConfigurationReference = 063A11417C0C4607406F478D /* Pods-TrialProject.release.xcconfig */;
			buildSettings = {
				ASSETCATALOG_COMPILER_APPICON_NAME = AppIcon;
				CODE_SIGN_STYLE = Automatic;
				INFOPLIST_FILE = TrialProject/Info.plist;
				LD_RUNPATH_SEARCH_PATHS = "$(inherited) @executable_path/Frameworks";
				PRODUCT_BUNDLE_IDENTIFIER = App.TrialProject;
				PRODUCT_NAME = "$(TARGET_NAME)";
				SWIFT_VERSION = 4.0;
				TARGETED_DEVICE_FAMILY = "1,2";
			};
			name = Release;
		};
/* End XCBuildConfiguration section */

/* Begin XCConfigurationList section */
		232E188620188E3000599F57 /* Build configuration list for PBXProject "TrialProject" */ = {
			isa = XCConfigurationList;
			buildConfigurations = (
				232E189B20188E3000599F57 /* Debug */,
				232E189C20188E3000599F57 /* Release */,
			);
			defaultConfigurationIsVisible = 0;
			defaultConfigurationName = Release;
		};
		232E189D20188E3000599F57 /* Build configuration list for PBXNativeTarget "TrialProject" */ = {
			isa = XCConfigurationList;
			buildConfigurations = (
				232E189E20188E3000599F57 /* Debug */,
				232E189F20188E3000599F57 /* Release */,
			);
			defaultConfigurationIsVisible = 0;
			defaultConfigurationName = Release;
		};
/* End XCConfigurationList section */
	};
	rootObject = 232E188320188E3000599F57 /* Project object */;
}
